{
  "version": 4,
  "terraform_version": "1.10.5",
  "serial": 6,
  "lineage": "838a1a83-036d-97fa-9aa4-0478241528f6",
  "outputs": {},
  "resources": [
    {
      "mode": "managed",
      "type": "google_firestore_database",
      "name": "default",
      "provider": "provider[\"registry.terraform.io/hashicorp/google\"]",
      "instances": [
        {
          "schema_version": 0,
          "attributes": {
            "app_engine_integration_mode": "DISABLED",
            "cmek_config": [],
            "concurrency_mode": "PESSIMISTIC",
            "create_time": "",
            "delete_protection_state": "DELETE_PROTECTION_DISABLED",
            "deletion_policy": "ABANDON",
            "earliest_version_time": "2025-02-05T06:38:02.666194Z",
            "etag": "IKHf2qSDrIsDMOTfmfDXqYsD",
            "id": "projects/eternal-sylph-449610-r3/databases/(default)",
            "key_prefix": "",
            "location_id": "europe-west2",
            "name": "(default)",
            "point_in_time_recovery_enablement": "POINT_IN_TIME_RECOVERY_DISABLED",
            "project": "eternal-sylph-449610-r3",
            "timeouts": null,
            "type": "FIRESTORE_NATIVE",
            "uid": "06fa5ef9-80cd-4995-ad4b-c4d679f36617",
            "update_time": "",
            "version_retention_period": "3600s"
          },
          "sensitive_attributes": [],
          "private": "eyJlMmJmYjczMC1lY2FhLTExZTYtOGY4OC0zNDM2M2JjN2M0YzAiOnsiY3JlYXRlIjoxMjAwMDAwMDAwMDAwLCJkZWxldGUiOjEyMDAwMDAwMDAwMDAsInVwZGF0ZSI6MTIwMDAwMDAwMDAwMH19"
        }
      ]
    }
  ],
  "check_results": null
}
