{
  "version": 4,
  "terraform_version": "1.10.5",
  "serial": 26,
  "lineage": "838a1a83-036d-97fa-9aa4-0478241528f6",
  "outputs": {},
  "resources": [
    {
      "mode": "managed",
      "type": "google_cloud_run_service",
      "name": "flask",
      "provider": "provider[\"registry.terraform.io/hashicorp/google\"]",
      "instances": [
        {
          "status": "tainted",
          "schema_version": 2,
          "attributes": {
            "autogenerate_revision_name": true,
            "id": "locations/us-central1/namespaces/eternal-sylph-449610-r3/services/flask-service",
            "location": "us-central1",
            "metadata": null,
            "name": "flask-service",
            "project": "eternal-sylph-449610-r3",
            "status": null,
            "template": [
              {
                "metadata": [],
                "spec": [
                  {
                    "container_concurrency": 0,
                    "containers": [
                      {
                        "args": null,
                        "command": null,
                        "env": [],
                        "env_from": [],
                        "image": "gcr.io/google-appengine/python",
                        "liveness_probe": [],
                        "name": "",
                        "ports": [],
                        "resources": [],
                        "startup_probe": [],
                        "volume_mounts": [],
                        "working_dir": ""
                      }
                    ],
                    "service_account_name": "cloud-run-sa@eternal-sylph-449610-r3.iam.gserviceaccount.com",
                    "serving_state": "",
                    "timeout_seconds": 0,
                    "volumes": []
                  }
                ]
              }
            ],
            "timeouts": null,
            "traffic": [
              {
                "latest_revision": true,
                "percent": 100,
                "revision_name": "",
                "tag": "",
                "url": ""
              }
            ]
          },
          "sensitive_attributes": [],
          "private": "eyJlMmJmYjczMC1lY2FhLTExZTYtOGY4OC0zNDM2M2JjN2M0YzAiOnsiY3JlYXRlIjoxMjAwMDAwMDAwMDAwLCJkZWxldGUiOjEyMDAwMDAwMDAwMDAsInVwZGF0ZSI6MTIwMDAwMDAwMDAwMH0sInNjaGVtYV92ZXJzaW9uIjoiMiJ9",
          "dependencies": [
            "google_service_account.cloud_run_sa"
          ]
        }
      ]
    },
    {
      "mode": "managed",
      "type": "google_project_iam_member",
      "name": "cloud_run_invoker",
      "provider": "provider[\"registry.terraform.io/hashicorp/google\"]",
      "instances": [
        {
          "schema_version": 0,
          "attributes": {
            "condition": [],
            "etag": "BwYtnikq+bQ=",
            "id": "eternal-sylph-449610-r3/roles/run.invoker/serviceAccount:cloud-run-sa@eternal-sylph-449610-r3.iam.gserviceaccount.com",
            "member": "serviceAccount:cloud-run-sa@eternal-sylph-449610-r3.iam.gserviceaccount.com",
            "project": "eternal-sylph-449610-r3",
            "role": "roles/run.invoker"
          },
          "sensitive_attributes": [],
          "private": "bnVsbA==",
          "dependencies": [
            "google_service_account.cloud_run_sa"
          ]
        }
      ]
    },
    {
      "mode": "managed",
      "type": "google_service_account",
      "name": "cloud_run_sa",
      "provider": "provider[\"registry.terraform.io/hashicorp/google\"]",
      "instances": [
        {
          "schema_version": 0,
          "attributes": {
            "account_id": "cloud-run-sa",
            "create_ignore_already_exists": null,
            "description": "",
            "disabled": false,
            "display_name": "Cloud Run Service Account",
            "email": "cloud-run-sa@eternal-sylph-449610-r3.iam.gserviceaccount.com",
            "id": "projects/eternal-sylph-449610-r3/serviceAccounts/cloud-run-sa@eternal-sylph-449610-r3.iam.gserviceaccount.com",
            "member": "serviceAccount:cloud-run-sa@eternal-sylph-449610-r3.iam.gserviceaccount.com",
            "name": "projects/eternal-sylph-449610-r3/serviceAccounts/cloud-run-sa@eternal-sylph-449610-r3.iam.gserviceaccount.com",
            "project": "eternal-sylph-449610-r3",
            "timeouts": null,
            "unique_id": "110890938306348188920"
          },
          "sensitive_attributes": [],
          "private": "eyJlMmJmYjczMC1lY2FhLTExZTYtOGY4OC0zNDM2M2JjN2M0YzAiOnsiY3JlYXRlIjozMDAwMDAwMDAwMDB9fQ=="
        }
      ]
    }
  ],
  "check_results": null
}
