{
  "version": 4,
  "terraform_version": "1.10.5",
  "serial": 4,
  "lineage": "31ce4fd5-77bd-c73f-9926-6c15048334a0",
  "outputs": {},
  "resources": [
    {
      "mode": "managed",
      "type": "google_project_iam_member",
      "name": "project_owner",
      "provider": "provider[\"registry.terraform.io/hashicorp/google\"]",
      "instances": [
        {
          "schema_version": 0,
          "attributes": {
            "condition": [],
            "etag": "BwYtTLpMR3E=",
            "id": "eternal-sylph-449610-r3/roles/owner/user:wadi.belkacemi@gmail.com",
            "member": "user:wadi.belkacemi@gmail.com",
            "project": "eternal-sylph-449610-r3",
            "role": "roles/owner"
          },
          "sensitive_attributes": [],
          "private": "bnVsbA=="
        }
      ]
    }
  ],
  "check_results": null
}
