{
  "version": 4,
  "terraform_version": "1.10.5",
  "serial": 308,
  "lineage": "e22a9096-bb0b-15dd-04fc-c03b5324ddd9",
  "outputs": {},
  "resources": [
    {
      "mode": "managed",
      "type": "google_app_engine_application",
      "name": "app",
      "provider": "provider[\"registry.terraform.io/hashicorp/google\"]",
      "instances": [
        {
          "schema_version": 0,
          "attributes": {
            "app_id": "omega-wind-448707-r4",
            "auth_domain": "gmail.com",
            "code_bucket": "staging.omega-wind-448707-r4.appspot.com",
            "database_type": "CLOUD_FIRESTORE",
            "default_bucket": "omega-wind-448707-r4.appspot.com",
            "default_hostname": "omega-wind-448707-r4.oa.r.appspot.com",
            "feature_settings": [
              {
                "split_health_checks": true
              }
            ],
            "gcr_domain": "eu.gcr.io",
            "iap": [],
            "id": "omega-wind-448707-r4",
            "location_id": "europe-west6",
            "name": "apps/omega-wind-448707-r4",
            "project": "omega-wind-448707-r4",
            "serving_status": "SERVING",
            "timeouts": null,
            "url_dispatch_rule": []
          },
          "sensitive_attributes": [],
          "private": "eyJlMmJmYjczMC1lY2FhLTExZTYtOGY4OC0zNDM2M2JjN2M0YzAiOnsiY3JlYXRlIjoyNDAwMDAwMDAwMDAsInVwZGF0ZSI6MjQwMDAwMDAwMDAwfX0="
        }
      ]
    },
    {
      "mode": "managed",
      "type": "google_cloudfunctions_function",
      "name": "function_1",
      "provider": "provider[\"registry.terraform.io/hashicorp/google\"]",
      "instances": [
        {
          "schema_version": 0,
          "attributes": {
            "available_memory_mb": 256,
            "build_environment_variables": null,
            "build_service_account": "projects/omega-wind-448707-r4/serviceAccounts/445811724450-compute@developer.gserviceaccount.com",
            "build_worker_pool": "",
            "description": "Convertit un CSV en JSON et enregistre les logs",
            "docker_registry": "ARTIFACT_REGISTRY",
            "docker_repository": "",
            "effective_labels": {
              "goog-terraform-provisioned": "true"
            },
            "entry_point": "function_1_handler",
            "environment_variables": {},
            "event_trigger": [],
            "https_trigger_security_level": "SECURE_OPTIONAL",
            "https_trigger_url": "https://europe-west6-omega-wind-448707-r4.cloudfunctions.net/convert-csv-to-json",
            "id": "projects/omega-wind-448707-r4/locations/europe-west6/functions/convert-csv-to-json",
            "ingress_settings": "ALLOW_ALL",
            "kms_key_name": "",
            "labels": {},
            "max_instances": 0,
            "min_instances": 0,
            "name": "convert-csv-to-json",
            "project": "omega-wind-448707-r4",
            "region": "europe-west6",
            "runtime": "python310",
            "secret_environment_variables": [],
            "secret_volumes": [],
            "service_account_email": "omega-wind-448707-r4@appspot.gserviceaccount.com",
            "source_archive_bucket": "omega-wind-448707-r4-functions",
            "source_archive_object": "function_1_source_4fddc4d89161f843c541a7cb8ee734ff.zip",
            "source_repository": [],
            "status": "ACTIVE",
            "terraform_labels": {
              "goog-terraform-provisioned": "true"
            },
            "timeout": 60,
            "timeouts": null,
            "trigger_http": true,
            "version_id": "8",
            "vpc_connector": "",
            "vpc_connector_egress_settings": ""
          },
          "sensitive_attributes": [],
          "private": "eyJlMmJmYjczMC1lY2FhLTExZTYtOGY4OC0zNDM2M2JjN2M0YzAiOnsiY3JlYXRlIjoxMjAwMDAwMDAwMDAwLCJkZWxldGUiOjEyMDAwMDAwMDAwMDAsInJlYWQiOjEyMDAwMDAwMDAwMDAsInVwZGF0ZSI6MTIwMDAwMDAwMDAwMH19",
          "dependencies": [
            "google_storage_bucket.function_bucket",
            "google_storage_bucket_object.function_1_source"
          ]
        }
      ]
    },
    {
      "mode": "managed",
      "type": "google_cloudfunctions_function",
      "name": "function_2",
      "provider": "provider[\"registry.terraform.io/hashicorp/google\"]",
      "instances": [
        {
          "schema_version": 0,
          "attributes": {
            "available_memory_mb": 256,
            "build_environment_variables": null,
            "build_service_account": "projects/omega-wind-448707-r4/serviceAccounts/445811724450-compute@developer.gserviceaccount.com",
            "build_worker_pool": "",
            "description": "R├®cup├¿re les logs des conversions",
            "docker_registry": "ARTIFACT_REGISTRY",
            "docker_repository": "",
            "effective_labels": {
              "goog-terraform-provisioned": "true"
            },
            "entry_point": "function_2_handler",
            "environment_variables": {},
            "event_trigger": [],
            "https_trigger_security_level": "SECURE_OPTIONAL",
            "https_trigger_url": "https://europe-west6-omega-wind-448707-r4.cloudfunctions.net/get-logs",
            "id": "projects/omega-wind-448707-r4/locations/europe-west6/functions/get-logs",
            "ingress_settings": "ALLOW_ALL",
            "kms_key_name": "",
            "labels": {},
            "max_instances": 0,
            "min_instances": 0,
            "name": "get-logs",
            "project": "omega-wind-448707-r4",
            "region": "europe-west6",
            "runtime": "python310",
            "secret_environment_variables": [],
            "secret_volumes": [],
            "service_account_email": "omega-wind-448707-r4@appspot.gserviceaccount.com",
            "source_archive_bucket": "omega-wind-448707-r4-functions",
            "source_archive_object": "function_2_source_4fddc4d89161f843c541a7cb8ee734ff.zip",
            "source_repository": [],
            "status": "ACTIVE",
            "terraform_labels": {
              "goog-terraform-provisioned": "true"
            },
            "timeout": 60,
            "timeouts": null,
            "trigger_http": true,
            "version_id": "8",
            "vpc_connector": "",
            "vpc_connector_egress_settings": ""
          },
          "sensitive_attributes": [],
          "private": "eyJlMmJmYjczMC1lY2FhLTExZTYtOGY4OC0zNDM2M2JjN2M0YzAiOnsiY3JlYXRlIjoxMjAwMDAwMDAwMDAwLCJkZWxldGUiOjEyMDAwMDAwMDAwMDAsInJlYWQiOjEyMDAwMDAwMDAwMDAsInVwZGF0ZSI6MTIwMDAwMDAwMDAwMH19",
          "dependencies": [
            "google_storage_bucket.function_bucket",
            "google_storage_bucket_object.function_2_source"
          ]
        }
      ]
    },
    {
      "mode": "managed",
      "type": "google_cloudfunctions_function_iam_member",
      "name": "invoker_1",
      "provider": "provider[\"registry.terraform.io/hashicorp/google\"]",
      "instances": [
        {
          "schema_version": 0,
          "attributes": {
            "cloud_function": "projects/omega-wind-448707-r4/locations/europe-west6/functions/convert-csv-to-json",
            "condition": [],
            "etag": "BwYsrf+MbOw=",
            "id": "projects/omega-wind-448707-r4/locations/europe-west6/functions/convert-csv-to-json/roles/cloudfunctions.invoker/allUsers",
            "member": "allUsers",
            "project": "omega-wind-448707-r4",
            "region": "europe-west6",
            "role": "roles/cloudfunctions.invoker"
          },
          "sensitive_attributes": [],
          "private": "bnVsbA==",
          "dependencies": [
            "google_cloudfunctions_function.function_1",
            "google_storage_bucket.function_bucket",
            "google_storage_bucket_object.function_1_source"
          ]
        }
      ]
    },
    {
      "mode": "managed",
      "type": "google_cloudfunctions_function_iam_member",
      "name": "invoker_2",
      "provider": "provider[\"registry.terraform.io/hashicorp/google\"]",
      "instances": [
        {
          "schema_version": 0,
          "attributes": {
            "cloud_function": "projects/omega-wind-448707-r4/locations/europe-west6/functions/get-logs",
            "condition": [],
            "etag": "BwYsrf+L2xE=",
            "id": "projects/omega-wind-448707-r4/locations/europe-west6/functions/get-logs/roles/cloudfunctions.invoker/allUsers",
            "member": "allUsers",
            "project": "omega-wind-448707-r4",
            "region": "europe-west6",
            "role": "roles/cloudfunctions.invoker"
          },
          "sensitive_attributes": [],
          "private": "bnVsbA==",
          "dependencies": [
            "google_cloudfunctions_function.function_2",
            "google_storage_bucket.function_bucket",
            "google_storage_bucket_object.function_2_source"
          ]
        }
      ]
    },
    {
      "mode": "managed",
      "type": "google_firestore_database",
      "name": "database",
      "provider": "provider[\"registry.terraform.io/hashicorp/google\"]",
      "instances": [
        {
          "schema_version": 0,
          "attributes": {
            "app_engine_integration_mode": "DISABLED",
            "cmek_config": [],
            "concurrency_mode": "PESSIMISTIC",
            "create_time": "",
            "delete_protection_state": "DELETE_PROTECTION_DISABLED",
            "deletion_policy": "ABANDON",
            "earliest_version_time": "2025-01-28T10:13:21.113889Z",
            "etag": "IPOh7r6kmIsDMOqbwMuAmIsD",
            "id": "projects/omega-wind-448707-r4/databases/(default)",
            "key_prefix": "",
            "location_id": "europe-west6",
            "name": "(default)",
            "point_in_time_recovery_enablement": "POINT_IN_TIME_RECOVERY_DISABLED",
            "project": "omega-wind-448707-r4",
            "timeouts": null,
            "type": "FIRESTORE_NATIVE",
            "uid": "52c7c069-e055-498a-9f55-bc5d1a1046d2",
            "update_time": "",
            "version_retention_period": "3600s"
          },
          "sensitive_attributes": [],
          "private": "eyJlMmJmYjczMC1lY2FhLTExZTYtOGY4OC0zNDM2M2JjN2M0YzAiOnsiY3JlYXRlIjoxMjAwMDAwMDAwMDAwLCJkZWxldGUiOjEyMDAwMDAwMDAwMDAsInVwZGF0ZSI6MTIwMDAwMDAwMDAwMH19"
        }
      ]
    },
    {
      "mode": "managed",
      "type": "google_project_service",
      "name": "appengine",
      "provider": "provider[\"registry.terraform.io/hashicorp/google\"]",
      "instances": [
        {
          "schema_version": 0,
          "attributes": {
            "disable_dependent_services": true,
            "disable_on_destroy": true,
            "id": "omega-wind-448707-r4/appengine.googleapis.com",
            "project": "omega-wind-448707-r4",
            "service": "appengine.googleapis.com",
            "timeouts": null
          },
          "sensitive_attributes": [],
          "private": "eyJlMmJmYjczMC1lY2FhLTExZTYtOGY4OC0zNDM2M2JjN2M0YzAiOnsiY3JlYXRlIjoxMjAwMDAwMDAwMDAwLCJkZWxldGUiOjEyMDAwMDAwMDAwMDAsInJlYWQiOjYwMDAwMDAwMDAwMCwidXBkYXRlIjoxMjAwMDAwMDAwMDAwfX0="
        }
      ]
    },
    {
      "mode": "managed",
      "type": "google_project_service",
      "name": "cloudfunctions",
      "provider": "provider[\"registry.terraform.io/hashicorp/google\"]",
      "instances": [
        {
          "schema_version": 0,
          "attributes": {
            "disable_dependent_services": true,
            "disable_on_destroy": true,
            "id": "omega-wind-448707-r4/cloudfunctions.googleapis.com",
            "project": "omega-wind-448707-r4",
            "service": "cloudfunctions.googleapis.com",
            "timeouts": null
          },
          "sensitive_attributes": [],
          "private": "eyJlMmJmYjczMC1lY2FhLTExZTYtOGY4OC0zNDM2M2JjN2M0YzAiOnsiY3JlYXRlIjoxMjAwMDAwMDAwMDAwLCJkZWxldGUiOjEyMDAwMDAwMDAwMDAsInJlYWQiOjYwMDAwMDAwMDAwMCwidXBkYXRlIjoxMjAwMDAwMDAwMDAwfX0="
        }
      ]
    },
    {
      "mode": "managed",
      "type": "google_project_service",
      "name": "firestore",
      "provider": "provider[\"registry.terraform.io/hashicorp/google\"]",
      "instances": [
        {
          "schema_version": 0,
          "attributes": {
            "disable_dependent_services": true,
            "disable_on_destroy": true,
            "id": "omega-wind-448707-r4/firestore.googleapis.com",
            "project": "omega-wind-448707-r4",
            "service": "firestore.googleapis.com",
            "timeouts": null
          },
          "sensitive_attributes": [],
          "private": "eyJlMmJmYjczMC1lY2FhLTExZTYtOGY4OC0zNDM2M2JjN2M0YzAiOnsiY3JlYXRlIjoxMjAwMDAwMDAwMDAwLCJkZWxldGUiOjEyMDAwMDAwMDAwMDAsInJlYWQiOjYwMDAwMDAwMDAwMCwidXBkYXRlIjoxMjAwMDAwMDAwMDAwfX0="
        }
      ]
    },
    {
      "mode": "managed",
      "type": "google_storage_bucket",
      "name": "function_bucket",
      "provider": "provider[\"registry.terraform.io/hashicorp/google\"]",
      "instances": [
        {
          "schema_version": 3,
          "attributes": {
            "autoclass": [],
            "cors": [],
            "custom_placement_config": [],
            "default_event_based_hold": false,
            "effective_labels": {
              "goog-terraform-provisioned": "true"
            },
            "enable_object_retention": false,
            "encryption": [],
            "force_destroy": false,
            "hierarchical_namespace": [
              {
                "enabled": false
              }
            ],
            "id": "omega-wind-448707-r4-functions",
            "labels": {},
            "lifecycle_rule": [],
            "location": "EUROPE-WEST6",
            "logging": [],
            "name": "omega-wind-448707-r4-functions",
            "project": "omega-wind-448707-r4",
            "project_number": 445811724450,
            "public_access_prevention": "inherited",
            "requester_pays": false,
            "retention_policy": [],
            "rpo": null,
            "self_link": "https://www.googleapis.com/storage/v1/b/omega-wind-448707-r4-functions",
            "soft_delete_policy": [
              {
                "effective_time": "2025-01-27T07:40:48.566Z",
                "retention_duration_seconds": 604800
              }
            ],
            "storage_class": "STANDARD",
            "terraform_labels": {
              "goog-terraform-provisioned": "true"
            },
            "timeouts": null,
            "uniform_bucket_level_access": false,
            "url": "gs://omega-wind-448707-r4-functions",
            "versioning": [],
            "website": []
          },
          "sensitive_attributes": [],
          "private": "eyJlMmJmYjczMC1lY2FhLTExZTYtOGY4OC0zNDM2M2JjN2M0YzAiOnsiY3JlYXRlIjo2MDAwMDAwMDAwMDAsInJlYWQiOjI0MDAwMDAwMDAwMCwidXBkYXRlIjoyNDAwMDAwMDAwMDB9LCJzY2hlbWFfdmVyc2lvbiI6IjMifQ=="
        }
      ]
    },
    {
      "mode": "managed",
      "type": "google_storage_bucket_object",
      "name": "function_1_source",
      "provider": "provider[\"registry.terraform.io/hashicorp/google\"]",
      "instances": [
        {
          "schema_version": 0,
          "attributes": {
            "bucket": "omega-wind-448707-r4-functions",
            "cache_control": "",
            "content": null,
            "content_disposition": "",
            "content_encoding": "",
            "content_language": "",
            "content_type": "application/zip",
            "crc32c": "Lyz3Tw==",
            "customer_encryption": [],
            "detect_md5hash": "T93E2JFh+EPFQafLjuc0/w==",
            "event_based_hold": false,
            "generation": 1738062808764701,
            "id": "omega-wind-448707-r4-functions-function_1_source_4fddc4d89161f843c541a7cb8ee734ff.zip",
            "kms_key_name": "",
            "md5hash": "T93E2JFh+EPFQafLjuc0/w==",
            "media_link": "https://storage.googleapis.com/download/storage/v1/b/omega-wind-448707-r4-functions/o/function_1_source_4fddc4d89161f843c541a7cb8ee734ff.zip?generation=1738062808764701\u0026alt=media",
            "metadata": null,
            "name": "function_1_source_4fddc4d89161f843c541a7cb8ee734ff.zip",
            "output_name": "function_1_source_4fddc4d89161f843c541a7cb8ee734ff.zip",
            "retention": [],
            "self_link": "https://www.googleapis.com/storage/v1/b/omega-wind-448707-r4-functions/o/function_1_source_4fddc4d89161f843c541a7cb8ee734ff.zip",
            "source": "function_1_source.zip",
            "storage_class": "STANDARD",
            "temporary_hold": false,
            "timeouts": null
          },
          "sensitive_attributes": [
            [
              {
                "type": "get_attr",
                "value": "content"
              }
            ]
          ],
          "private": "eyJlMmJmYjczMC1lY2FhLTExZTYtOGY4OC0zNDM2M2JjN2M0YzAiOnsiY3JlYXRlIjoyNDAwMDAwMDAwMDAsImRlbGV0ZSI6MjQwMDAwMDAwMDAwLCJ1cGRhdGUiOjI0MDAwMDAwMDAwMH19",
          "dependencies": [
            "google_storage_bucket.function_bucket"
          ]
        }
      ]
    },
    {
      "mode": "managed",
      "type": "google_storage_bucket_object",
      "name": "function_2_source",
      "provider": "provider[\"registry.terraform.io/hashicorp/google\"]",
      "instances": [
        {
          "schema_version": 0,
          "attributes": {
            "bucket": "omega-wind-448707-r4-functions",
            "cache_control": "",
            "content": null,
            "content_disposition": "",
            "content_encoding": "",
            "content_language": "",
            "content_type": "application/zip",
            "crc32c": "Lyz3Tw==",
            "customer_encryption": [],
            "detect_md5hash": "T93E2JFh+EPFQafLjuc0/w==",
            "event_based_hold": false,
            "generation": 1738062808918371,
            "id": "omega-wind-448707-r4-functions-function_2_source_4fddc4d89161f843c541a7cb8ee734ff.zip",
            "kms_key_name": "",
            "md5hash": "T93E2JFh+EPFQafLjuc0/w==",
            "media_link": "https://storage.googleapis.com/download/storage/v1/b/omega-wind-448707-r4-functions/o/function_2_source_4fddc4d89161f843c541a7cb8ee734ff.zip?generation=1738062808918371\u0026alt=media",
            "metadata": null,
            "name": "function_2_source_4fddc4d89161f843c541a7cb8ee734ff.zip",
            "output_name": "function_2_source_4fddc4d89161f843c541a7cb8ee734ff.zip",
            "retention": [],
            "self_link": "https://www.googleapis.com/storage/v1/b/omega-wind-448707-r4-functions/o/function_2_source_4fddc4d89161f843c541a7cb8ee734ff.zip",
            "source": "function_2_source.zip",
            "storage_class": "STANDARD",
            "temporary_hold": false,
            "timeouts": null
          },
          "sensitive_attributes": [
            [
              {
                "type": "get_attr",
                "value": "content"
              }
            ]
          ],
          "private": "eyJlMmJmYjczMC1lY2FhLTExZTYtOGY4OC0zNDM2M2JjN2M0YzAiOnsiY3JlYXRlIjoyNDAwMDAwMDAwMDAsImRlbGV0ZSI6MjQwMDAwMDAwMDAwLCJ1cGRhdGUiOjI0MDAwMDAwMDAwMH19",
          "dependencies": [
            "google_storage_bucket.function_bucket"
          ]
        }
      ]
    }
  ],
  "check_results": null
}
