{
  "version": 4,
  "terraform_version": "1.10.5",
  "serial": 305,
  "lineage": "e3217763-5899-3b9c-1786-6ca84d484c36",
  "outputs": {
    "enabled_apis": {
      "value": [
        "cloudbuild.googleapis.com",
        "cloudfunctions.googleapis.com",
        "cloudresourcemanager.googleapis.com",
        "firestore.googleapis.com"
      ],
      "type": [
        "tuple",
        [
          "string",
          "string",
          "string",
          "string"
        ]
      ]
    },
    "firestore_connection_strings": {
      "value": {
        "primary": "(default=eternal-sylph-449610-r3:primary-database)",
        "secondary": "(default=eternal-sylph-449610-r3:secondary-database)"
      },
      "type": [
        "object",
        {
          "primary": "string",
          "secondary": "string"
        }
      ]
    },
    "firestore_database_names": {
      "value": {
        "primary": "primary-database",
        "secondary": "secondary-database"
      },
      "type": [
        "object",
        {
          "primary": "string",
          "secondary": "string"
        }
      ]
    },
    "firestore_database_urls": {
      "value": {
        "primary": "https://firestore.googleapis.com/v1/projects/eternal-sylph-449610-r3/databases/primary-database",
        "secondary": "https://firestore.googleapis.com/v1/projects/eternal-sylph-449610-r3/databases/secondary-database"
      },
      "type": [
        "object",
        {
          "primary": "string",
          "secondary": "string"
        }
      ]
    },
    "function_names": {
      "value": {
        "ai-exchange": "ai-exchange",
        "auth0_function": "auth0_function",
        "gemini-exchange": "gemini-exchange",
        "gemini_complicated": "gemini_complicated",
        "perplexity_sonar": "perplexity_sonar",
        "ping-check": "ping-check",
        "storage_data_management": "storage_data_management"
      },
      "type": [
        "object",
        {
          "ai-exchange": "string",
          "auth0_function": "string",
          "gemini-exchange": "string",
          "gemini_complicated": "string",
          "perplexity_sonar": "string",
          "ping-check": "string",
          "storage_data_management": "string"
        }
      ]
    },
    "function_urls": {
      "value": {
        "ai-exchange": "https://europe-west1-eternal-sylph-449610-r3.cloudfunctions.net/ai-exchange",
        "auth0_function": "https://europe-west1-eternal-sylph-449610-r3.cloudfunctions.net/auth0_function",
        "gemini-exchange": "https://europe-west1-eternal-sylph-449610-r3.cloudfunctions.net/gemini-exchange",
        "gemini_complicated": "https://europe-west1-eternal-sylph-449610-r3.cloudfunctions.net/gemini_complicated",
        "perplexity_sonar": "https://europe-west1-eternal-sylph-449610-r3.cloudfunctions.net/perplexity_sonar",
        "ping-check": "https://europe-west1-eternal-sylph-449610-r3.cloudfunctions.net/ping-check",
        "storage_data_management": "https://europe-west1-eternal-sylph-449610-r3.cloudfunctions.net/storage_data_management"
      },
      "type": [
        "object",
        {
          "ai-exchange": "string",
          "auth0_function": "string",
          "gemini-exchange": "string",
          "gemini_complicated": "string",
          "perplexity_sonar": "string",
          "ping-check": "string",
          "storage_data_management": "string"
        }
      ]
    }
  },
  "resources": [
    {
      "module": "module.api_enablement",
      "mode": "managed",
      "type": "google_project_service",
      "name": "apis",
      "provider": "provider[\"registry.terraform.io/hashicorp/google\"]",
      "instances": [
        {
          "index_key": "cloudbuild.googleapis.com",
          "schema_version": 0,
          "attributes": {
            "disable_dependent_services": true,
            "disable_on_destroy": false,
            "id": "eternal-sylph-449610-r3/cloudbuild.googleapis.com",
            "project": "eternal-sylph-449610-r3",
            "service": "cloudbuild.googleapis.com",
            "timeouts": null
          },
          "sensitive_attributes": [],
          "private": "eyJlMmJmYjczMC1lY2FhLTExZTYtOGY4OC0zNDM2M2JjN2M0YzAiOnsiY3JlYXRlIjoxMjAwMDAwMDAwMDAwLCJkZWxldGUiOjEyMDAwMDAwMDAwMDAsInJlYWQiOjYwMDAwMDAwMDAwMCwidXBkYXRlIjoxMjAwMDAwMDAwMDAwfX0="
        },
        {
          "index_key": "cloudfunctions.googleapis.com",
          "schema_version": 0,
          "attributes": {
            "disable_dependent_services": true,
            "disable_on_destroy": false,
            "id": "eternal-sylph-449610-r3/cloudfunctions.googleapis.com",
            "project": "eternal-sylph-449610-r3",
            "service": "cloudfunctions.googleapis.com",
            "timeouts": null
          },
          "sensitive_attributes": [],
          "private": "eyJlMmJmYjczMC1lY2FhLTExZTYtOGY4OC0zNDM2M2JjN2M0YzAiOnsiY3JlYXRlIjoxMjAwMDAwMDAwMDAwLCJkZWxldGUiOjEyMDAwMDAwMDAwMDAsInJlYWQiOjYwMDAwMDAwMDAwMCwidXBkYXRlIjoxMjAwMDAwMDAwMDAwfX0="
        },
        {
          "index_key": "cloudresourcemanager.googleapis.com",
          "schema_version": 0,
          "attributes": {
            "disable_dependent_services": true,
            "disable_on_destroy": false,
            "id": "eternal-sylph-449610-r3/cloudresourcemanager.googleapis.com",
            "project": "eternal-sylph-449610-r3",
            "service": "cloudresourcemanager.googleapis.com",
            "timeouts": null
          },
          "sensitive_attributes": [],
          "private": "eyJlMmJmYjczMC1lY2FhLTExZTYtOGY4OC0zNDM2M2JjN2M0YzAiOnsiY3JlYXRlIjoxMjAwMDAwMDAwMDAwLCJkZWxldGUiOjEyMDAwMDAwMDAwMDAsInJlYWQiOjYwMDAwMDAwMDAwMCwidXBkYXRlIjoxMjAwMDAwMDAwMDAwfX0="
        },
        {
          "index_key": "firestore.googleapis.com",
          "schema_version": 0,
          "attributes": {
            "disable_dependent_services": true,
            "disable_on_destroy": false,
            "id": "eternal-sylph-449610-r3/firestore.googleapis.com",
            "project": "eternal-sylph-449610-r3",
            "service": "firestore.googleapis.com",
            "timeouts": null
          },
          "sensitive_attributes": [],
          "private": "eyJlMmJmYjczMC1lY2FhLTExZTYtOGY4OC0zNDM2M2JjN2M0YzAiOnsiY3JlYXRlIjoxMjAwMDAwMDAwMDAwLCJkZWxldGUiOjEyMDAwMDAwMDAwMDAsInJlYWQiOjYwMDAwMDAwMDAwMCwidXBkYXRlIjoxMjAwMDAwMDAwMDAwfX0="
        }
      ]
    },
    {
      "module": "module.cloud_functions",
      "mode": "data",
      "type": "archive_file",
      "name": "function_zip",
      "provider": "provider[\"registry.terraform.io/hashicorp/archive\"]",
      "instances": [
        {
          "index_key": "ai-exchange",
          "schema_version": 0,
          "attributes": {
            "exclude_symlink_directories": null,
            "excludes": null,
            "id": "13dd705fcb9025e27a5230a3b75d703f1703c75f",
            "output_base64sha256": "zbWj4ntgDLjwJK0NbNfZsiKhAPPLqtjM5vlKrI8ovtI=",
            "output_base64sha512": "/RFNB4oSuf/GWsPF9W1yF+KayYFW9APYKRdRq+PvVhMDBQ20NfsWrPCskkh91UFHlMEAdOv9qOcHjVO6s9Chfw==",
            "output_file_mode": null,
            "output_md5": "4adfbe144dc897ed0d81a9203ee723c5",
            "output_path": "/tmp/ai-exchange.zip",
            "output_sha": "13dd705fcb9025e27a5230a3b75d703f1703c75f",
            "output_sha256": "cdb5a3e27b600cb8f024ad0d6cd7d9b222a100f3cbaad8cce6f94aac8f28bed2",
            "output_sha512": "fd114d078a12b9ffc65ac3c5f56d7217e29ac98156f403d8291751abe3ef561303050db435fb16acf0ac92487dd5414794c10074ebfda8e7078d53bab3d0a17f",
            "output_size": 424,
            "source": [],
            "source_content": null,
            "source_content_filename": null,
            "source_dir": "modules/cloud_function/function_files/ai_exchange",
            "source_file": null,
            "type": "zip"
          },
          "sensitive_attributes": []
        },
        {
          "index_key": "auth0_function",
          "schema_version": 0,
          "attributes": {
            "exclude_symlink_directories": null,
            "excludes": null,
            "id": "d79f1c52ecac599e622031bb582be64994a4e582",
            "output_base64sha256": "fIYamiLp5BYnT6JrSDVJRc1e0Ei92yTeyBHgq3CGgzs=",
            "output_base64sha512": "GE/f8cVvhGZ50TrVqztoNeey402Ht5LHOTBgrFI8FXh2/x/94HprzH0rNPPd1zS/uX8NssFmM7Imdp36AWAz2A==",
            "output_file_mode": null,
            "output_md5": "a69343afc660c5d319ff996a692cf17d",
            "output_path": "/tmp/auth0_function.zip",
            "output_sha": "d79f1c52ecac599e622031bb582be64994a4e582",
            "output_sha256": "7c861a9a22e9e416274fa26b48354945cd5ed048bddb24dec811e0ab7086833b",
            "output_sha512": "184fdff1c56f846679d13ad5ab3b6835e7b2e34d87b792c7393060ac523c157876ff1ffde07a6bcc7d2b34f3ddd734bfb97f0db2c16633b226769dfa016033d8",
            "output_size": 1261,
            "source": [],
            "source_content": null,
            "source_content_filename": null,
            "source_dir": "modules/cloud_function/function_files/auth0_function",
            "source_file": null,
            "type": "zip"
          },
          "sensitive_attributes": []
        },
        {
          "index_key": "gemini-exchange",
          "schema_version": 0,
          "attributes": {
            "exclude_symlink_directories": null,
            "excludes": null,
            "id": "45000d3d6c33e4d8ba03434fec9c42d7cb8bef96",
            "output_base64sha256": "l9aADL9ctl4wF4v5tJ4ehjC2+PAu7d/YHRiIK9eNFbI=",
            "output_base64sha512": "sN8Wy/Q7xOdgSqqVAsWR4QxWsgZXHX7byHMFxiK/Y70Rtl3rIIyevgYJCvMPZj7qXfM3eE9X758dt0odgLgO8w==",
            "output_file_mode": null,
            "output_md5": "bce3400450ab21798c5a8939b75cc1b6",
            "output_path": "/tmp/gemini-exchange.zip",
            "output_sha": "45000d3d6c33e4d8ba03434fec9c42d7cb8bef96",
            "output_sha256": "97d6800cbf5cb65e30178bf9b49e1e8630b6f8f02eeddfd81d18882bd78d15b2",
            "output_sha512": "b0df16cbf43bc4e7604aaa9502c591e10c56b206571d7edbc87305c622bf63bd11b65deb208c9ebe06090af30f663eea5df337784f57ef9f1db74a1d80b80ef3",
            "output_size": 1234,
            "source": [],
            "source_content": null,
            "source_content_filename": null,
            "source_dir": "modules/cloud_function/function_files/gemini_exchange",
            "source_file": null,
            "type": "zip"
          },
          "sensitive_attributes": []
        },
        {
          "index_key": "gemini_complicated",
          "schema_version": 0,
          "attributes": {
            "exclude_symlink_directories": null,
            "excludes": null,
            "id": "3f27f0bb1038ec9261f422ffca2ecf5750e01c2e",
            "output_base64sha256": "pckcH0DcqHhI4iE6SepTZ/DxRvIvXuLeGtGieeY0j/o=",
            "output_base64sha512": "P/KXm/9VNMyR4ONm4J9G7GRAO/h1LraM/J0gP+prSeGFto+db4NSxKY08ATaJfaARYcxHtfE0E6NzDozlpuoOQ==",
            "output_file_mode": null,
            "output_md5": "402221d4a4239092348ea8c5a82f1403",
            "output_path": "/tmp/gemini_complicated.zip",
            "output_sha": "3f27f0bb1038ec9261f422ffca2ecf5750e01c2e",
            "output_sha256": "a5c91c1f40dca87848e2213a49ea5367f0f146f22f5ee2de1ad1a279e6348ffa",
            "output_sha512": "3ff2979bff5534cc91e0e366e09f46ec64403bf8752eb68cfc9d203fea6b49e185b68f9d6f8352c4a634f004da25f6804587311ed7c4d04e8dcc3a33969ba839",
            "output_size": 2236,
            "source": [],
            "source_content": null,
            "source_content_filename": null,
            "source_dir": "modules/cloud_function/function_files/gemini_complicated",
            "source_file": null,
            "type": "zip"
          },
          "sensitive_attributes": []
        },
        {
          "index_key": "perplexity_sonar",
          "schema_version": 0,
          "attributes": {
            "exclude_symlink_directories": null,
            "excludes": null,
            "id": "cd65d5f360731dd5892c370aa1e101a144de5eb1",
            "output_base64sha256": "oMdxmSAcbWnEBCL/LIuv6+8ZteY0XqSE9w80ki66K0I=",
            "output_base64sha512": "kyZkmQQLpTKL++Rtwjq6nQQaQH0Ty8StaMvzrOeoWP39Y3k/9o9oWPXr3wqlD/eyyTiBihgeaXnpWLLoaetqkA==",
            "output_file_mode": null,
            "output_md5": "ea562a711a3d7bb1510924f531e6be24",
            "output_path": "/tmp/perplexity_sonar.zip",
            "output_sha": "cd65d5f360731dd5892c370aa1e101a144de5eb1",
            "output_sha256": "a0c77199201c6d69c40422ff2c8bafebef19b5e6345ea484f70f34922eba2b42",
            "output_sha512": "93266499040ba5328bfbe46dc23aba9d041a407d13cbc4ad68cbf3ace7a858fdfd63793ff68f6858f5ebdf0aa50ff7b2c938818a181e6979e958b2e869eb6a90",
            "output_size": 2039,
            "source": [],
            "source_content": null,
            "source_content_filename": null,
            "source_dir": "modules/cloud_function/function_files/perplexity_sonar",
            "source_file": null,
            "type": "zip"
          },
          "sensitive_attributes": []
        },
        {
          "index_key": "ping-check",
          "schema_version": 0,
          "attributes": {
            "exclude_symlink_directories": null,
            "excludes": null,
            "id": "90698642f5d152166dfb92f31e4eb3a84584493f",
            "output_base64sha256": "3aXoPgFoDKOI2rTHDg5YBrNjLUF3oGFWWKX2osTz4KI=",
            "output_base64sha512": "R9kHozo7uNDH7Zq8yLHUHMMRPSMWiPrVaH9rHDvICR3CZEVbzL5LPtNRzxV8edyLbXOecjg/X0AEjFodWsjdTg==",
            "output_file_mode": null,
            "output_md5": "7d77f6090bf665922e17a2aee2d5299f",
            "output_path": "/tmp/ping-check.zip",
            "output_sha": "90698642f5d152166dfb92f31e4eb3a84584493f",
            "output_sha256": "dda5e83e01680ca388dab4c70e0e5806b3632d4177a0615658a5f6a2c4f3e0a2",
            "output_sha512": "47d907a33a3bb8d0c7ed9abcc8b1d41cc3113d231688fad5687f6b1c3bc8091dc264455bccbe4b3ed351cf157c79dc8b6d739e72383f5f40048c5a1d5ac8dd4e",
            "output_size": 435,
            "source": [],
            "source_content": null,
            "source_content_filename": null,
            "source_dir": "modules/cloud_function/function_files/ping_check",
            "source_file": null,
            "type": "zip"
          },
          "sensitive_attributes": []
        },
        {
          "index_key": "storage_data_management",
          "schema_version": 0,
          "attributes": {
            "exclude_symlink_directories": null,
            "excludes": null,
            "id": "1770136d2ef48fbadf4b97ae46335327af63fc76",
            "output_base64sha256": "+QAH9cGICyKWwKTS6URHOYbdeoQDgitiK9U0iV1ldy4=",
            "output_base64sha512": "ycHefr1gp85ti7gWX8euyZS6093ZnZfMMET9jPrrsYF1dM8nM1cB5rE3/bK2YcvG5MitVnaeVeJ4Mums7Cc02g==",
            "output_file_mode": null,
            "output_md5": "e456d03f2e2c72bd0e605fbdf5a07026",
            "output_path": "/tmp/storage_data_management.zip",
            "output_sha": "1770136d2ef48fbadf4b97ae46335327af63fc76",
            "output_sha256": "f90007f5c1880b2296c0a4d2e944473986dd7a8403822b622bd534895d65772e",
            "output_sha512": "c9c1de7ebd60a7ce6d8bb8165fc7aec994bad3ddd99d97cc3044fd8cfaebb1817574cf27335701e6b137fdb2b661cbc6e4c8ad56769e55e27832e9acec2734da",
            "output_size": 1017,
            "source": [],
            "source_content": null,
            "source_content_filename": null,
            "source_dir": "modules/cloud_function/function_files/storage_data_management",
            "source_file": null,
            "type": "zip"
          },
          "sensitive_attributes": []
        }
      ]
    },
    {
      "module": "module.cloud_functions",
      "mode": "managed",
      "type": "google_cloudfunctions_function",
      "name": "function",
      "provider": "provider[\"registry.terraform.io/hashicorp/google\"]",
      "instances": [
        {
          "index_key": "ai-exchange",
          "schema_version": 0,
          "attributes": {
            "available_memory_mb": 256,
            "build_environment_variables": null,
            "build_service_account": "projects/eternal-sylph-449610-r3/serviceAccounts/511587180007-compute@developer.gserviceaccount.com",
            "build_worker_pool": "",
            "description": "AI Exchange Function",
            "docker_registry": "ARTIFACT_REGISTRY",
            "docker_repository": "",
            "effective_labels": {
              "goog-terraform-provisioned": "true"
            },
            "entry_point": "ai_exchange",
            "environment_variables": {},
            "event_trigger": [],
            "https_trigger_security_level": "SECURE_OPTIONAL",
            "https_trigger_url": "https://europe-west1-eternal-sylph-449610-r3.cloudfunctions.net/ai-exchange",
            "id": "projects/eternal-sylph-449610-r3/locations/europe-west1/functions/ai-exchange",
            "ingress_settings": "ALLOW_ALL",
            "kms_key_name": "",
            "labels": {},
            "max_instances": 0,
            "min_instances": 0,
            "name": "ai-exchange",
            "project": "eternal-sylph-449610-r3",
            "region": "europe-west1",
            "runtime": "python39",
            "secret_environment_variables": [],
            "secret_volumes": [],
            "service_account_email": "eternal-sylph-449610-r3@appspot.gserviceaccount.com",
            "source_archive_bucket": "eternal-sylph-449610-r3-functions-source",
            "source_archive_object": "ai-exchange-4adfbe144dc897ed0d81a9203ee723c5.zip",
            "source_repository": [],
            "status": "ACTIVE",
            "terraform_labels": {
              "goog-terraform-provisioned": "true"
            },
            "timeout": 60,
            "timeouts": null,
            "trigger_http": true,
            "version_id": "2",
            "vpc_connector": "",
            "vpc_connector_egress_settings": ""
          },
          "sensitive_attributes": [],
          "private": "eyJlMmJmYjczMC1lY2FhLTExZTYtOGY4OC0zNDM2M2JjN2M0YzAiOnsiY3JlYXRlIjoxMjAwMDAwMDAwMDAwLCJkZWxldGUiOjEyMDAwMDAwMDAwMDAsInJlYWQiOjEyMDAwMDAwMDAwMDAsInVwZGF0ZSI6MTIwMDAwMDAwMDAwMH19",
          "dependencies": [
            "module.api_enablement.google_project_service.apis",
            "module.cloud_functions.data.archive_file.function_zip",
            "module.cloud_functions.google_storage_bucket.function_bucket",
            "module.cloud_functions.google_storage_bucket_object.function_zip"
          ]
        },
        {
          "index_key": "auth0_function",
          "schema_version": 0,
          "attributes": {
            "available_memory_mb": 256,
            "build_environment_variables": null,
            "build_service_account": "projects/eternal-sylph-449610-r3/serviceAccounts/511587180007-compute@developer.gserviceaccount.com",
            "build_worker_pool": "",
            "description": "Auth0 Authentication Function",
            "docker_registry": "ARTIFACT_REGISTRY",
            "docker_repository": "",
            "effective_labels": {
              "goog-terraform-provisioned": "true"
            },
            "entry_point": "auth0_function",
            "environment_variables": {
              "AUTH0_AUDIENCE": "https://dev-nkfmhxcx7ip44wwh.us.auth0.com/api/v2/",
              "AUTH0_CLIENT_ID": "uRu2VThQumtLCAZaWDwpTTwXneGgKnkT",
              "AUTH0_CLIENT_SECRET": "GZKOU2hNkpeZbVDcLAkXWbFtS7L2J5ajCXrclkTQHUdAuCzGlCAWxEVtuXgk3RRY",
              "AUTH0_DOMAIN": "dev-nkfmhxcx7ip44wwh.us.auth0.com"
            },
            "event_trigger": [],
            "https_trigger_security_level": "SECURE_OPTIONAL",
            "https_trigger_url": "https://europe-west1-eternal-sylph-449610-r3.cloudfunctions.net/auth0_function",
            "id": "projects/eternal-sylph-449610-r3/locations/europe-west1/functions/auth0_function",
            "ingress_settings": "ALLOW_ALL",
            "kms_key_name": "",
            "labels": {},
            "max_instances": 0,
            "min_instances": 0,
            "name": "auth0_function",
            "project": "eternal-sylph-449610-r3",
            "region": "europe-west1",
            "runtime": "python39",
            "secret_environment_variables": [],
            "secret_volumes": [],
            "service_account_email": "eternal-sylph-449610-r3@appspot.gserviceaccount.com",
            "source_archive_bucket": "eternal-sylph-449610-r3-functions-source",
            "source_archive_object": "auth0_function-a69343afc660c5d319ff996a692cf17d.zip",
            "source_repository": [],
            "status": "ACTIVE",
            "terraform_labels": {
              "goog-terraform-provisioned": "true"
            },
            "timeout": 60,
            "timeouts": null,
            "trigger_http": true,
            "version_id": "4",
            "vpc_connector": "",
            "vpc_connector_egress_settings": ""
          },
          "sensitive_attributes": [],
          "private": "eyJlMmJmYjczMC1lY2FhLTExZTYtOGY4OC0zNDM2M2JjN2M0YzAiOnsiY3JlYXRlIjoxMjAwMDAwMDAwMDAwLCJkZWxldGUiOjEyMDAwMDAwMDAwMDAsInJlYWQiOjEyMDAwMDAwMDAwMDAsInVwZGF0ZSI6MTIwMDAwMDAwMDAwMH19",
          "dependencies": [
            "module.api_enablement.google_project_service.apis",
            "module.cloud_functions.data.archive_file.function_zip",
            "module.cloud_functions.google_storage_bucket.function_bucket",
            "module.cloud_functions.google_storage_bucket_object.function_zip"
          ]
        },
        {
          "index_key": "gemini-exchange",
          "schema_version": 0,
          "attributes": {
            "available_memory_mb": 256,
            "build_environment_variables": null,
            "build_service_account": "projects/eternal-sylph-449610-r3/serviceAccounts/511587180007-compute@developer.gserviceaccount.com",
            "build_worker_pool": "",
            "description": "Gemini Exchange Function",
            "docker_registry": "ARTIFACT_REGISTRY",
            "docker_repository": "",
            "effective_labels": {
              "goog-terraform-provisioned": "true"
            },
            "entry_point": "gemini_exchange",
            "environment_variables": {},
            "event_trigger": [],
            "https_trigger_security_level": "SECURE_OPTIONAL",
            "https_trigger_url": "https://europe-west1-eternal-sylph-449610-r3.cloudfunctions.net/gemini-exchange",
            "id": "projects/eternal-sylph-449610-r3/locations/europe-west1/functions/gemini-exchange",
            "ingress_settings": "ALLOW_ALL",
            "kms_key_name": "",
            "labels": {},
            "max_instances": 0,
            "min_instances": 0,
            "name": "gemini-exchange",
            "project": "eternal-sylph-449610-r3",
            "region": "europe-west1",
            "runtime": "python39",
            "secret_environment_variables": [],
            "secret_volumes": [],
            "service_account_email": "eternal-sylph-449610-r3@appspot.gserviceaccount.com",
            "source_archive_bucket": "eternal-sylph-449610-r3-functions-source",
            "source_archive_object": "gemini-exchange-bce3400450ab21798c5a8939b75cc1b6.zip",
            "source_repository": [],
            "status": "ACTIVE",
            "terraform_labels": {
              "goog-terraform-provisioned": "true"
            },
            "timeout": 60,
            "timeouts": null,
            "trigger_http": true,
            "version_id": "2",
            "vpc_connector": "",
            "vpc_connector_egress_settings": ""
          },
          "sensitive_attributes": [],
          "private": "eyJlMmJmYjczMC1lY2FhLTExZTYtOGY4OC0zNDM2M2JjN2M0YzAiOnsiY3JlYXRlIjoxMjAwMDAwMDAwMDAwLCJkZWxldGUiOjEyMDAwMDAwMDAwMDAsInJlYWQiOjEyMDAwMDAwMDAwMDAsInVwZGF0ZSI6MTIwMDAwMDAwMDAwMH19",
          "dependencies": [
            "module.api_enablement.google_project_service.apis",
            "module.cloud_functions.data.archive_file.function_zip",
            "module.cloud_functions.google_storage_bucket.function_bucket",
            "module.cloud_functions.google_storage_bucket_object.function_zip"
          ]
        },
        {
          "index_key": "gemini_complicated",
          "schema_version": 0,
          "attributes": {
            "available_memory_mb": 256,
            "build_environment_variables": null,
            "build_service_account": "projects/eternal-sylph-449610-r3/serviceAccounts/511587180007-compute@developer.gserviceaccount.com",
            "build_worker_pool": "",
            "description": "Gemini Complicated Function",
            "docker_registry": "ARTIFACT_REGISTRY",
            "docker_repository": "",
            "effective_labels": {
              "goog-terraform-provisioned": "true"
            },
            "entry_point": "gemini_complicated",
            "environment_variables": {},
            "event_trigger": [],
            "https_trigger_security_level": "SECURE_OPTIONAL",
            "https_trigger_url": "https://europe-west1-eternal-sylph-449610-r3.cloudfunctions.net/gemini_complicated",
            "id": "projects/eternal-sylph-449610-r3/locations/europe-west1/functions/gemini_complicated",
            "ingress_settings": "ALLOW_ALL",
            "kms_key_name": "",
            "labels": {},
            "max_instances": 0,
            "min_instances": 0,
            "name": "gemini_complicated",
            "project": "eternal-sylph-449610-r3",
            "region": "europe-west1",
            "runtime": "python39",
            "secret_environment_variables": [],
            "secret_volumes": [],
            "service_account_email": "eternal-sylph-449610-r3@appspot.gserviceaccount.com",
            "source_archive_bucket": "eternal-sylph-449610-r3-functions-source",
            "source_archive_object": "gemini_complicated-402221d4a4239092348ea8c5a82f1403.zip",
            "source_repository": [],
            "status": "ACTIVE",
            "terraform_labels": {
              "goog-terraform-provisioned": "true"
            },
            "timeout": 60,
            "timeouts": null,
            "trigger_http": true,
            "version_id": "2",
            "vpc_connector": "",
            "vpc_connector_egress_settings": ""
          },
          "sensitive_attributes": [],
          "private": "eyJlMmJmYjczMC1lY2FhLTExZTYtOGY4OC0zNDM2M2JjN2M0YzAiOnsiY3JlYXRlIjoxMjAwMDAwMDAwMDAwLCJkZWxldGUiOjEyMDAwMDAwMDAwMDAsInJlYWQiOjEyMDAwMDAwMDAwMDAsInVwZGF0ZSI6MTIwMDAwMDAwMDAwMH19",
          "dependencies": [
            "module.api_enablement.google_project_service.apis",
            "module.cloud_functions.data.archive_file.function_zip",
            "module.cloud_functions.google_storage_bucket.function_bucket",
            "module.cloud_functions.google_storage_bucket_object.function_zip"
          ]
        },
        {
          "index_key": "perplexity_sonar",
          "schema_version": 0,
          "attributes": {
            "available_memory_mb": 256,
            "build_environment_variables": null,
            "build_service_account": "projects/eternal-sylph-449610-r3/serviceAccounts/511587180007-compute@developer.gserviceaccount.com",
            "build_worker_pool": "",
            "description": "Perplexity Sonar Function",
            "docker_registry": "ARTIFACT_REGISTRY",
            "docker_repository": "",
            "effective_labels": {
              "goog-terraform-provisioned": "true"
            },
            "entry_point": "perplexity_sonar",
            "environment_variables": {},
            "event_trigger": [],
            "https_trigger_security_level": "SECURE_OPTIONAL",
            "https_trigger_url": "https://europe-west1-eternal-sylph-449610-r3.cloudfunctions.net/perplexity_sonar",
            "id": "projects/eternal-sylph-449610-r3/locations/europe-west1/functions/perplexity_sonar",
            "ingress_settings": "ALLOW_ALL",
            "kms_key_name": "",
            "labels": {},
            "max_instances": 0,
            "min_instances": 0,
            "name": "perplexity_sonar",
            "project": "eternal-sylph-449610-r3",
            "region": "europe-west1",
            "runtime": "python39",
            "secret_environment_variables": [],
            "secret_volumes": [],
            "service_account_email": "eternal-sylph-449610-r3@appspot.gserviceaccount.com",
            "source_archive_bucket": "eternal-sylph-449610-r3-functions-source",
            "source_archive_object": "perplexity_sonar-ea562a711a3d7bb1510924f531e6be24.zip",
            "source_repository": [],
            "status": "ACTIVE",
            "terraform_labels": {
              "goog-terraform-provisioned": "true"
            },
            "timeout": 60,
            "timeouts": null,
            "trigger_http": true,
            "version_id": "2",
            "vpc_connector": "",
            "vpc_connector_egress_settings": ""
          },
          "sensitive_attributes": [],
          "private": "eyJlMmJmYjczMC1lY2FhLTExZTYtOGY4OC0zNDM2M2JjN2M0YzAiOnsiY3JlYXRlIjoxMjAwMDAwMDAwMDAwLCJkZWxldGUiOjEyMDAwMDAwMDAwMDAsInJlYWQiOjEyMDAwMDAwMDAwMDAsInVwZGF0ZSI6MTIwMDAwMDAwMDAwMH19",
          "dependencies": [
            "module.api_enablement.google_project_service.apis",
            "module.cloud_functions.data.archive_file.function_zip",
            "module.cloud_functions.google_storage_bucket.function_bucket",
            "module.cloud_functions.google_storage_bucket_object.function_zip"
          ]
        },
        {
          "index_key": "ping-check",
          "schema_version": 0,
          "attributes": {
            "available_memory_mb": 256,
            "build_environment_variables": null,
            "build_service_account": "projects/eternal-sylph-449610-r3/serviceAccounts/511587180007-compute@developer.gserviceaccount.com",
            "build_worker_pool": "",
            "description": "Ping Check Function",
            "docker_registry": "ARTIFACT_REGISTRY",
            "docker_repository": "",
            "effective_labels": {
              "goog-terraform-provisioned": "true"
            },
            "entry_point": "ping_check",
            "environment_variables": {},
            "event_trigger": [],
            "https_trigger_security_level": "SECURE_OPTIONAL",
            "https_trigger_url": "https://europe-west1-eternal-sylph-449610-r3.cloudfunctions.net/ping-check",
            "id": "projects/eternal-sylph-449610-r3/locations/europe-west1/functions/ping-check",
            "ingress_settings": "ALLOW_ALL",
            "kms_key_name": "",
            "labels": {},
            "max_instances": 0,
            "min_instances": 0,
            "name": "ping-check",
            "project": "eternal-sylph-449610-r3",
            "region": "europe-west1",
            "runtime": "python39",
            "secret_environment_variables": [],
            "secret_volumes": [],
            "service_account_email": "eternal-sylph-449610-r3@appspot.gserviceaccount.com",
            "source_archive_bucket": "eternal-sylph-449610-r3-functions-source",
            "source_archive_object": "ping-check-7d77f6090bf665922e17a2aee2d5299f.zip",
            "source_repository": [],
            "status": "ACTIVE",
            "terraform_labels": {
              "goog-terraform-provisioned": "true"
            },
            "timeout": 60,
            "timeouts": null,
            "trigger_http": true,
            "version_id": "2",
            "vpc_connector": "",
            "vpc_connector_egress_settings": ""
          },
          "sensitive_attributes": [],
          "private": "eyJlMmJmYjczMC1lY2FhLTExZTYtOGY4OC0zNDM2M2JjN2M0YzAiOnsiY3JlYXRlIjoxMjAwMDAwMDAwMDAwLCJkZWxldGUiOjEyMDAwMDAwMDAwMDAsInJlYWQiOjEyMDAwMDAwMDAwMDAsInVwZGF0ZSI6MTIwMDAwMDAwMDAwMH19",
          "dependencies": [
            "module.api_enablement.google_project_service.apis",
            "module.cloud_functions.data.archive_file.function_zip",
            "module.cloud_functions.google_storage_bucket.function_bucket",
            "module.cloud_functions.google_storage_bucket_object.function_zip"
          ]
        },
        {
          "index_key": "storage_data_management",
          "schema_version": 0,
          "attributes": {
            "available_memory_mb": 256,
            "build_environment_variables": null,
            "build_service_account": "projects/eternal-sylph-449610-r3/serviceAccounts/511587180007-compute@developer.gserviceaccount.com",
            "build_worker_pool": "",
            "description": "Storage Data Management Function",
            "docker_registry": "ARTIFACT_REGISTRY",
            "docker_repository": "",
            "effective_labels": {
              "goog-terraform-provisioned": "true"
            },
            "entry_point": "storage_data_management",
            "environment_variables": {},
            "event_trigger": [],
            "https_trigger_security_level": "SECURE_OPTIONAL",
            "https_trigger_url": "https://europe-west1-eternal-sylph-449610-r3.cloudfunctions.net/storage_data_management",
            "id": "projects/eternal-sylph-449610-r3/locations/europe-west1/functions/storage_data_management",
            "ingress_settings": "ALLOW_ALL",
            "kms_key_name": "",
            "labels": {},
            "max_instances": 0,
            "min_instances": 0,
            "name": "storage_data_management",
            "project": "eternal-sylph-449610-r3",
            "region": "europe-west1",
            "runtime": "python39",
            "secret_environment_variables": [],
            "secret_volumes": [],
            "service_account_email": "eternal-sylph-449610-r3@appspot.gserviceaccount.com",
            "source_archive_bucket": "eternal-sylph-449610-r3-functions-source",
            "source_archive_object": "storage_data_management-e456d03f2e2c72bd0e605fbdf5a07026.zip",
            "source_repository": [],
            "status": "ACTIVE",
            "terraform_labels": {
              "goog-terraform-provisioned": "true"
            },
            "timeout": 60,
            "timeouts": null,
            "trigger_http": true,
            "version_id": "2",
            "vpc_connector": "",
            "vpc_connector_egress_settings": ""
          },
          "sensitive_attributes": [],
          "private": "eyJlMmJmYjczMC1lY2FhLTExZTYtOGY4OC0zNDM2M2JjN2M0YzAiOnsiY3JlYXRlIjoxMjAwMDAwMDAwMDAwLCJkZWxldGUiOjEyMDAwMDAwMDAwMDAsInJlYWQiOjEyMDAwMDAwMDAwMDAsInVwZGF0ZSI6MTIwMDAwMDAwMDAwMH19",
          "dependencies": [
            "module.api_enablement.google_project_service.apis",
            "module.cloud_functions.data.archive_file.function_zip",
            "module.cloud_functions.google_storage_bucket.function_bucket",
            "module.cloud_functions.google_storage_bucket_object.function_zip"
          ]
        }
      ]
    },
    {
      "module": "module.cloud_functions",
      "mode": "managed",
      "type": "google_cloudfunctions_function_iam_member",
      "name": "invoker",
      "provider": "provider[\"registry.terraform.io/hashicorp/google\"]",
      "instances": [
        {
          "index_key": "ai-exchange",
          "schema_version": 0,
          "attributes": {
            "cloud_function": "projects/eternal-sylph-449610-r3/locations/europe-west1/functions/ai-exchange",
            "condition": [],
            "etag": "BwYt7fgyUJQ=",
            "id": "projects/eternal-sylph-449610-r3/locations/europe-west1/functions/ai-exchange/roles/cloudfunctions.invoker/allUsers",
            "member": "allUsers",
            "project": "eternal-sylph-449610-r3",
            "region": "europe-west1",
            "role": "roles/cloudfunctions.invoker"
          },
          "sensitive_attributes": [],
          "private": "bnVsbA==",
          "dependencies": [
            "module.api_enablement.google_project_service.apis",
            "module.cloud_functions.data.archive_file.function_zip",
            "module.cloud_functions.google_cloudfunctions_function.function",
            "module.cloud_functions.google_storage_bucket.function_bucket",
            "module.cloud_functions.google_storage_bucket_object.function_zip"
          ]
        },
        {
          "index_key": "auth0_function",
          "schema_version": 0,
          "attributes": {
            "cloud_function": "projects/eternal-sylph-449610-r3/locations/europe-west1/functions/auth0_function",
            "condition": [],
            "etag": "BwYuFwQFYSI=",
            "id": "projects/eternal-sylph-449610-r3/locations/europe-west1/functions/auth0_function/roles/cloudfunctions.invoker/allUsers",
            "member": "allUsers",
            "project": "eternal-sylph-449610-r3",
            "region": "europe-west1",
            "role": "roles/cloudfunctions.invoker"
          },
          "sensitive_attributes": [],
          "private": "bnVsbA==",
          "dependencies": [
            "module.api_enablement.google_project_service.apis",
            "module.cloud_functions.data.archive_file.function_zip",
            "module.cloud_functions.google_cloudfunctions_function.function",
            "module.cloud_functions.google_storage_bucket.function_bucket",
            "module.cloud_functions.google_storage_bucket_object.function_zip"
          ]
        },
        {
          "index_key": "gemini-exchange",
          "schema_version": 0,
          "attributes": {
            "cloud_function": "projects/eternal-sylph-449610-r3/locations/europe-west1/functions/gemini-exchange",
            "condition": [],
            "etag": "BwYt7fgvGLU=",
            "id": "projects/eternal-sylph-449610-r3/locations/europe-west1/functions/gemini-exchange/roles/cloudfunctions.invoker/allUsers",
            "member": "allUsers",
            "project": "eternal-sylph-449610-r3",
            "region": "europe-west1",
            "role": "roles/cloudfunctions.invoker"
          },
          "sensitive_attributes": [],
          "private": "bnVsbA==",
          "dependencies": [
            "module.api_enablement.google_project_service.apis",
            "module.cloud_functions.data.archive_file.function_zip",
            "module.cloud_functions.google_cloudfunctions_function.function",
            "module.cloud_functions.google_storage_bucket.function_bucket",
            "module.cloud_functions.google_storage_bucket_object.function_zip"
          ]
        },
        {
          "index_key": "gemini_complicated",
          "schema_version": 0,
          "attributes": {
            "cloud_function": "projects/eternal-sylph-449610-r3/locations/europe-west1/functions/gemini_complicated",
            "condition": [],
            "etag": "BwYt7fgxJrE=",
            "id": "projects/eternal-sylph-449610-r3/locations/europe-west1/functions/gemini_complicated/roles/cloudfunctions.invoker/allUsers",
            "member": "allUsers",
            "project": "eternal-sylph-449610-r3",
            "region": "europe-west1",
            "role": "roles/cloudfunctions.invoker"
          },
          "sensitive_attributes": [],
          "private": "bnVsbA==",
          "dependencies": [
            "module.api_enablement.google_project_service.apis",
            "module.cloud_functions.data.archive_file.function_zip",
            "module.cloud_functions.google_cloudfunctions_function.function",
            "module.cloud_functions.google_storage_bucket.function_bucket",
            "module.cloud_functions.google_storage_bucket_object.function_zip"
          ]
        },
        {
          "index_key": "perplexity_sonar",
          "schema_version": 0,
          "attributes": {
            "cloud_function": "projects/eternal-sylph-449610-r3/locations/europe-west1/functions/perplexity_sonar",
            "condition": [],
            "etag": "BwYt7fgvUE4=",
            "id": "projects/eternal-sylph-449610-r3/locations/europe-west1/functions/perplexity_sonar/roles/cloudfunctions.invoker/allUsers",
            "member": "allUsers",
            "project": "eternal-sylph-449610-r3",
            "region": "europe-west1",
            "role": "roles/cloudfunctions.invoker"
          },
          "sensitive_attributes": [],
          "private": "bnVsbA==",
          "dependencies": [
            "module.api_enablement.google_project_service.apis",
            "module.cloud_functions.data.archive_file.function_zip",
            "module.cloud_functions.google_cloudfunctions_function.function",
            "module.cloud_functions.google_storage_bucket.function_bucket",
            "module.cloud_functions.google_storage_bucket_object.function_zip"
          ]
        },
        {
          "index_key": "ping-check",
          "schema_version": 0,
          "attributes": {
            "cloud_function": "projects/eternal-sylph-449610-r3/locations/europe-west1/functions/ping-check",
            "condition": [],
            "etag": "BwYt7fgu2OI=",
            "id": "projects/eternal-sylph-449610-r3/locations/europe-west1/functions/ping-check/roles/cloudfunctions.invoker/allUsers",
            "member": "allUsers",
            "project": "eternal-sylph-449610-r3",
            "region": "europe-west1",
            "role": "roles/cloudfunctions.invoker"
          },
          "sensitive_attributes": [],
          "private": "bnVsbA==",
          "dependencies": [
            "module.api_enablement.google_project_service.apis",
            "module.cloud_functions.data.archive_file.function_zip",
            "module.cloud_functions.google_cloudfunctions_function.function",
            "module.cloud_functions.google_storage_bucket.function_bucket",
            "module.cloud_functions.google_storage_bucket_object.function_zip"
          ]
        },
        {
          "index_key": "storage_data_management",
          "schema_version": 0,
          "attributes": {
            "cloud_function": "projects/eternal-sylph-449610-r3/locations/europe-west1/functions/storage_data_management",
            "condition": [],
            "etag": "BwYt7fgwTkc=",
            "id": "projects/eternal-sylph-449610-r3/locations/europe-west1/functions/storage_data_management/roles/cloudfunctions.invoker/allUsers",
            "member": "allUsers",
            "project": "eternal-sylph-449610-r3",
            "region": "europe-west1",
            "role": "roles/cloudfunctions.invoker"
          },
          "sensitive_attributes": [],
          "private": "bnVsbA==",
          "dependencies": [
            "module.api_enablement.google_project_service.apis",
            "module.cloud_functions.data.archive_file.function_zip",
            "module.cloud_functions.google_cloudfunctions_function.function",
            "module.cloud_functions.google_storage_bucket.function_bucket",
            "module.cloud_functions.google_storage_bucket_object.function_zip"
          ]
        }
      ]
    },
    {
      "module": "module.cloud_functions",
      "mode": "managed",
      "type": "google_storage_bucket",
      "name": "function_bucket",
      "provider": "provider[\"registry.terraform.io/hashicorp/google\"]",
      "instances": [
        {
          "schema_version": 3,
          "attributes": {
            "autoclass": [],
            "cors": [],
            "custom_placement_config": [],
            "default_event_based_hold": false,
            "effective_labels": {
              "goog-terraform-provisioned": "true"
            },
            "enable_object_retention": false,
            "encryption": [],
            "force_destroy": false,
            "hierarchical_namespace": [
              {
                "enabled": false
              }
            ],
            "id": "eternal-sylph-449610-r3-functions-source",
            "labels": {},
            "lifecycle_rule": [],
            "location": "EUROPE-WEST1",
            "logging": [],
            "name": "eternal-sylph-449610-r3-functions-source",
            "project": "eternal-sylph-449610-r3",
            "project_number": 511587180007,
            "public_access_prevention": "inherited",
            "requester_pays": false,
            "retention_policy": [],
            "rpo": null,
            "self_link": "https://www.googleapis.com/storage/v1/b/eternal-sylph-449610-r3-functions-source",
            "soft_delete_policy": [
              {
                "effective_time": "2025-02-13T09:43:06.206Z",
                "retention_duration_seconds": 604800
              }
            ],
            "storage_class": "STANDARD",
            "terraform_labels": {
              "goog-terraform-provisioned": "true"
            },
            "timeouts": null,
            "uniform_bucket_level_access": false,
            "url": "gs://eternal-sylph-449610-r3-functions-source",
            "versioning": [],
            "website": []
          },
          "sensitive_attributes": [],
          "private": "eyJlMmJmYjczMC1lY2FhLTExZTYtOGY4OC0zNDM2M2JjN2M0YzAiOnsiY3JlYXRlIjo2MDAwMDAwMDAwMDAsInJlYWQiOjI0MDAwMDAwMDAwMCwidXBkYXRlIjoyNDAwMDAwMDAwMDB9LCJzY2hlbWFfdmVyc2lvbiI6IjMifQ==",
          "dependencies": [
            "module.api_enablement.google_project_service.apis"
          ]
        }
      ]
    },
    {
      "module": "module.cloud_functions",
      "mode": "managed",
      "type": "google_storage_bucket_object",
      "name": "function_zip",
      "provider": "provider[\"registry.terraform.io/hashicorp/google\"]",
      "instances": [
        {
          "index_key": "ai-exchange",
          "schema_version": 0,
          "attributes": {
            "bucket": "eternal-sylph-449610-r3-functions-source",
            "cache_control": "",
            "content": null,
            "content_disposition": "",
            "content_encoding": "",
            "content_language": "",
            "content_type": "application/zip",
            "crc32c": "y5aAgg==",
            "customer_encryption": [],
            "detect_md5hash": "St++FE3Il+0NgakgPucjxQ==",
            "event_based_hold": false,
            "generation": 1739439786777456,
            "id": "eternal-sylph-449610-r3-functions-source-ai-exchange-4adfbe144dc897ed0d81a9203ee723c5.zip",
            "kms_key_name": "",
            "md5hash": "St++FE3Il+0NgakgPucjxQ==",
            "media_link": "https://storage.googleapis.com/download/storage/v1/b/eternal-sylph-449610-r3-functions-source/o/ai-exchange-4adfbe144dc897ed0d81a9203ee723c5.zip?generation=1739439786777456\u0026alt=media",
            "metadata": {},
            "name": "ai-exchange-4adfbe144dc897ed0d81a9203ee723c5.zip",
            "output_name": "ai-exchange-4adfbe144dc897ed0d81a9203ee723c5.zip",
            "retention": [],
            "self_link": "https://www.googleapis.com/storage/v1/b/eternal-sylph-449610-r3-functions-source/o/ai-exchange-4adfbe144dc897ed0d81a9203ee723c5.zip",
            "source": "/tmp/ai-exchange.zip",
            "storage_class": "STANDARD",
            "temporary_hold": false,
            "timeouts": null
          },
          "sensitive_attributes": [
            [
              {
                "type": "get_attr",
                "value": "content"
              }
            ]
          ],
          "private": "eyJlMmJmYjczMC1lY2FhLTExZTYtOGY4OC0zNDM2M2JjN2M0YzAiOnsiY3JlYXRlIjoyNDAwMDAwMDAwMDAsImRlbGV0ZSI6MjQwMDAwMDAwMDAwLCJ1cGRhdGUiOjI0MDAwMDAwMDAwMH19",
          "dependencies": [
            "module.api_enablement.google_project_service.apis",
            "module.cloud_functions.data.archive_file.function_zip",
            "module.cloud_functions.google_storage_bucket.function_bucket"
          ]
        },
        {
          "index_key": "auth0_function",
          "schema_version": 0,
          "attributes": {
            "bucket": "eternal-sylph-449610-r3-functions-source",
            "cache_control": "",
            "content": null,
            "content_disposition": "",
            "content_encoding": "",
            "content_language": "",
            "content_type": "application/zip",
            "crc32c": "w2bNnw==",
            "customer_encryption": [],
            "detect_md5hash": "ppNDr8ZgxdMZ/5lqaSzxfQ==",
            "event_based_hold": false,
            "generation": 1739614401381149,
            "id": "eternal-sylph-449610-r3-functions-source-auth0_function-a69343afc660c5d319ff996a692cf17d.zip",
            "kms_key_name": "",
            "md5hash": "ppNDr8ZgxdMZ/5lqaSzxfQ==",
            "media_link": "https://storage.googleapis.com/download/storage/v1/b/eternal-sylph-449610-r3-functions-source/o/auth0_function-a69343afc660c5d319ff996a692cf17d.zip?generation=1739614401381149\u0026alt=media",
            "metadata": null,
            "name": "auth0_function-a69343afc660c5d319ff996a692cf17d.zip",
            "output_name": "auth0_function-a69343afc660c5d319ff996a692cf17d.zip",
            "retention": [],
            "self_link": "https://www.googleapis.com/storage/v1/b/eternal-sylph-449610-r3-functions-source/o/auth0_function-a69343afc660c5d319ff996a692cf17d.zip",
            "source": "/tmp/auth0_function.zip",
            "storage_class": "STANDARD",
            "temporary_hold": false,
            "timeouts": null
          },
          "sensitive_attributes": [
            [
              {
                "type": "get_attr",
                "value": "content"
              }
            ]
          ],
          "private": "eyJlMmJmYjczMC1lY2FhLTExZTYtOGY4OC0zNDM2M2JjN2M0YzAiOnsiY3JlYXRlIjoyNDAwMDAwMDAwMDAsImRlbGV0ZSI6MjQwMDAwMDAwMDAwLCJ1cGRhdGUiOjI0MDAwMDAwMDAwMH19",
          "dependencies": [
            "module.api_enablement.google_project_service.apis",
            "module.cloud_functions.data.archive_file.function_zip",
            "module.cloud_functions.google_storage_bucket.function_bucket"
          ]
        },
        {
          "index_key": "gemini-exchange",
          "schema_version": 0,
          "attributes": {
            "bucket": "eternal-sylph-449610-r3-functions-source",
            "cache_control": "",
            "content": null,
            "content_disposition": "",
            "content_encoding": "",
            "content_language": "",
            "content_type": "application/zip",
            "crc32c": "fwSMVQ==",
            "customer_encryption": [],
            "detect_md5hash": "vONABFCrIXmMWok5t1zBtg==",
            "event_based_hold": false,
            "generation": 1739439786769390,
            "id": "eternal-sylph-449610-r3-functions-source-gemini-exchange-bce3400450ab21798c5a8939b75cc1b6.zip",
            "kms_key_name": "",
            "md5hash": "vONABFCrIXmMWok5t1zBtg==",
            "media_link": "https://storage.googleapis.com/download/storage/v1/b/eternal-sylph-449610-r3-functions-source/o/gemini-exchange-bce3400450ab21798c5a8939b75cc1b6.zip?generation=1739439786769390\u0026alt=media",
            "metadata": {},
            "name": "gemini-exchange-bce3400450ab21798c5a8939b75cc1b6.zip",
            "output_name": "gemini-exchange-bce3400450ab21798c5a8939b75cc1b6.zip",
            "retention": [],
            "self_link": "https://www.googleapis.com/storage/v1/b/eternal-sylph-449610-r3-functions-source/o/gemini-exchange-bce3400450ab21798c5a8939b75cc1b6.zip",
            "source": "/tmp/gemini-exchange.zip",
            "storage_class": "STANDARD",
            "temporary_hold": false,
            "timeouts": null
          },
          "sensitive_attributes": [
            [
              {
                "type": "get_attr",
                "value": "content"
              }
            ]
          ],
          "private": "eyJlMmJmYjczMC1lY2FhLTExZTYtOGY4OC0zNDM2M2JjN2M0YzAiOnsiY3JlYXRlIjoyNDAwMDAwMDAwMDAsImRlbGV0ZSI6MjQwMDAwMDAwMDAwLCJ1cGRhdGUiOjI0MDAwMDAwMDAwMH19",
          "dependencies": [
            "module.api_enablement.google_project_service.apis",
            "module.cloud_functions.data.archive_file.function_zip",
            "module.cloud_functions.google_storage_bucket.function_bucket"
          ]
        },
        {
          "index_key": "gemini_complicated",
          "schema_version": 0,
          "attributes": {
            "bucket": "eternal-sylph-449610-r3-functions-source",
            "cache_control": "",
            "content": null,
            "content_disposition": "",
            "content_encoding": "",
            "content_language": "",
            "content_type": "application/zip",
            "crc32c": "o6YTCg==",
            "customer_encryption": [],
            "detect_md5hash": "QCIh1KQjkJI0jqjFqC8UAw==",
            "event_based_hold": false,
            "generation": 1739439786783696,
            "id": "eternal-sylph-449610-r3-functions-source-gemini_complicated-402221d4a4239092348ea8c5a82f1403.zip",
            "kms_key_name": "",
            "md5hash": "QCIh1KQjkJI0jqjFqC8UAw==",
            "media_link": "https://storage.googleapis.com/download/storage/v1/b/eternal-sylph-449610-r3-functions-source/o/gemini_complicated-402221d4a4239092348ea8c5a82f1403.zip?generation=1739439786783696\u0026alt=media",
            "metadata": {},
            "name": "gemini_complicated-402221d4a4239092348ea8c5a82f1403.zip",
            "output_name": "gemini_complicated-402221d4a4239092348ea8c5a82f1403.zip",
            "retention": [],
            "self_link": "https://www.googleapis.com/storage/v1/b/eternal-sylph-449610-r3-functions-source/o/gemini_complicated-402221d4a4239092348ea8c5a82f1403.zip",
            "source": "/tmp/gemini_complicated.zip",
            "storage_class": "STANDARD",
            "temporary_hold": false,
            "timeouts": null
          },
          "sensitive_attributes": [
            [
              {
                "type": "get_attr",
                "value": "content"
              }
            ]
          ],
          "private": "eyJlMmJmYjczMC1lY2FhLTExZTYtOGY4OC0zNDM2M2JjN2M0YzAiOnsiY3JlYXRlIjoyNDAwMDAwMDAwMDAsImRlbGV0ZSI6MjQwMDAwMDAwMDAwLCJ1cGRhdGUiOjI0MDAwMDAwMDAwMH19",
          "dependencies": [
            "module.api_enablement.google_project_service.apis",
            "module.cloud_functions.data.archive_file.function_zip",
            "module.cloud_functions.google_storage_bucket.function_bucket"
          ]
        },
        {
          "index_key": "perplexity_sonar",
          "schema_version": 0,
          "attributes": {
            "bucket": "eternal-sylph-449610-r3-functions-source",
            "cache_control": "",
            "content": null,
            "content_disposition": "",
            "content_encoding": "",
            "content_language": "",
            "content_type": "application/zip",
            "crc32c": "j6x0UA==",
            "customer_encryption": [],
            "detect_md5hash": "6lYqcRo9e7FRCST1Mea+JA==",
            "event_based_hold": false,
            "generation": 1739439786785528,
            "id": "eternal-sylph-449610-r3-functions-source-perplexity_sonar-ea562a711a3d7bb1510924f531e6be24.zip",
            "kms_key_name": "",
            "md5hash": "6lYqcRo9e7FRCST1Mea+JA==",
            "media_link": "https://storage.googleapis.com/download/storage/v1/b/eternal-sylph-449610-r3-functions-source/o/perplexity_sonar-ea562a711a3d7bb1510924f531e6be24.zip?generation=1739439786785528\u0026alt=media",
            "metadata": {},
            "name": "perplexity_sonar-ea562a711a3d7bb1510924f531e6be24.zip",
            "output_name": "perplexity_sonar-ea562a711a3d7bb1510924f531e6be24.zip",
            "retention": [],
            "self_link": "https://www.googleapis.com/storage/v1/b/eternal-sylph-449610-r3-functions-source/o/perplexity_sonar-ea562a711a3d7bb1510924f531e6be24.zip",
            "source": "/tmp/perplexity_sonar.zip",
            "storage_class": "STANDARD",
            "temporary_hold": false,
            "timeouts": null
          },
          "sensitive_attributes": [
            [
              {
                "type": "get_attr",
                "value": "content"
              }
            ]
          ],
          "private": "eyJlMmJmYjczMC1lY2FhLTExZTYtOGY4OC0zNDM2M2JjN2M0YzAiOnsiY3JlYXRlIjoyNDAwMDAwMDAwMDAsImRlbGV0ZSI6MjQwMDAwMDAwMDAwLCJ1cGRhdGUiOjI0MDAwMDAwMDAwMH19",
          "dependencies": [
            "module.api_enablement.google_project_service.apis",
            "module.cloud_functions.data.archive_file.function_zip",
            "module.cloud_functions.google_storage_bucket.function_bucket"
          ]
        },
        {
          "index_key": "ping-check",
          "schema_version": 0,
          "attributes": {
            "bucket": "eternal-sylph-449610-r3-functions-source",
            "cache_control": "",
            "content": null,
            "content_disposition": "",
            "content_encoding": "",
            "content_language": "",
            "content_type": "application/zip",
            "crc32c": "7MAMZA==",
            "customer_encryption": [],
            "detect_md5hash": "fXf2CQv2ZZIuF6Ku4tUpnw==",
            "event_based_hold": false,
            "generation": 1739439786778530,
            "id": "eternal-sylph-449610-r3-functions-source-ping-check-7d77f6090bf665922e17a2aee2d5299f.zip",
            "kms_key_name": "",
            "md5hash": "fXf2CQv2ZZIuF6Ku4tUpnw==",
            "media_link": "https://storage.googleapis.com/download/storage/v1/b/eternal-sylph-449610-r3-functions-source/o/ping-check-7d77f6090bf665922e17a2aee2d5299f.zip?generation=1739439786778530\u0026alt=media",
            "metadata": {},
            "name": "ping-check-7d77f6090bf665922e17a2aee2d5299f.zip",
            "output_name": "ping-check-7d77f6090bf665922e17a2aee2d5299f.zip",
            "retention": [],
            "self_link": "https://www.googleapis.com/storage/v1/b/eternal-sylph-449610-r3-functions-source/o/ping-check-7d77f6090bf665922e17a2aee2d5299f.zip",
            "source": "/tmp/ping-check.zip",
            "storage_class": "STANDARD",
            "temporary_hold": false,
            "timeouts": null
          },
          "sensitive_attributes": [
            [
              {
                "type": "get_attr",
                "value": "content"
              }
            ]
          ],
          "private": "eyJlMmJmYjczMC1lY2FhLTExZTYtOGY4OC0zNDM2M2JjN2M0YzAiOnsiY3JlYXRlIjoyNDAwMDAwMDAwMDAsImRlbGV0ZSI6MjQwMDAwMDAwMDAwLCJ1cGRhdGUiOjI0MDAwMDAwMDAwMH19",
          "dependencies": [
            "module.api_enablement.google_project_service.apis",
            "module.cloud_functions.data.archive_file.function_zip",
            "module.cloud_functions.google_storage_bucket.function_bucket"
          ]
        },
        {
          "index_key": "storage_data_management",
          "schema_version": 0,
          "attributes": {
            "bucket": "eternal-sylph-449610-r3-functions-source",
            "cache_control": "",
            "content": null,
            "content_disposition": "",
            "content_encoding": "",
            "content_language": "",
            "content_type": "application/zip",
            "crc32c": "2cVlPQ==",
            "customer_encryption": [],
            "detect_md5hash": "5FbQPy4scr0OYF+99aBwJg==",
            "event_based_hold": false,
            "generation": 1739439786776123,
            "id": "eternal-sylph-449610-r3-functions-source-storage_data_management-e456d03f2e2c72bd0e605fbdf5a07026.zip",
            "kms_key_name": "",
            "md5hash": "5FbQPy4scr0OYF+99aBwJg==",
            "media_link": "https://storage.googleapis.com/download/storage/v1/b/eternal-sylph-449610-r3-functions-source/o/storage_data_management-e456d03f2e2c72bd0e605fbdf5a07026.zip?generation=1739439786776123\u0026alt=media",
            "metadata": {},
            "name": "storage_data_management-e456d03f2e2c72bd0e605fbdf5a07026.zip",
            "output_name": "storage_data_management-e456d03f2e2c72bd0e605fbdf5a07026.zip",
            "retention": [],
            "self_link": "https://www.googleapis.com/storage/v1/b/eternal-sylph-449610-r3-functions-source/o/storage_data_management-e456d03f2e2c72bd0e605fbdf5a07026.zip",
            "source": "/tmp/storage_data_management.zip",
            "storage_class": "STANDARD",
            "temporary_hold": false,
            "timeouts": null
          },
          "sensitive_attributes": [
            [
              {
                "type": "get_attr",
                "value": "content"
              }
            ]
          ],
          "private": "eyJlMmJmYjczMC1lY2FhLTExZTYtOGY4OC0zNDM2M2JjN2M0YzAiOnsiY3JlYXRlIjoyNDAwMDAwMDAwMDAsImRlbGV0ZSI6MjQwMDAwMDAwMDAwLCJ1cGRhdGUiOjI0MDAwMDAwMDAwMH19",
          "dependencies": [
            "module.api_enablement.google_project_service.apis",
            "module.cloud_functions.data.archive_file.function_zip",
            "module.cloud_functions.google_storage_bucket.function_bucket"
          ]
        }
      ]
    },
    {
      "module": "module.storage",
      "mode": "managed",
      "type": "google_firestore_database",
      "name": "primary_database",
      "provider": "provider[\"registry.terraform.io/hashicorp/google\"]",
      "instances": [
        {
          "schema_version": 0,
          "attributes": {
            "app_engine_integration_mode": "DISABLED",
            "cmek_config": [],
            "concurrency_mode": "PESSIMISTIC",
            "create_time": "",
            "delete_protection_state": "DELETE_PROTECTION_DISABLED",
            "deletion_policy": "ABANDON",
            "earliest_version_time": "2025-02-15T09:13:14.165227Z",
            "etag": "IKbIitC4xYsDMJDHgp2vu4sD",
            "id": "projects/eternal-sylph-449610-r3/databases/primary-database",
            "key_prefix": "",
            "location_id": "europe-west1",
            "name": "primary-database",
            "point_in_time_recovery_enablement": "POINT_IN_TIME_RECOVERY_DISABLED",
            "project": "eternal-sylph-449610-r3",
            "timeouts": null,
            "type": "FIRESTORE_NATIVE",
            "uid": "854d153c-aa62-44bf-8116-37f877b69fd3",
            "update_time": "",
            "version_retention_period": "3600s"
          },
          "sensitive_attributes": [],
          "private": "eyJlMmJmYjczMC1lY2FhLTExZTYtOGY4OC0zNDM2M2JjN2M0YzAiOnsiY3JlYXRlIjoxMjAwMDAwMDAwMDAwLCJkZWxldGUiOjEyMDAwMDAwMDAwMDAsInVwZGF0ZSI6MTIwMDAwMDAwMDAwMH19"
        }
      ]
    },
    {
      "module": "module.storage",
      "mode": "managed",
      "type": "google_firestore_database",
      "name": "secondary_database",
      "provider": "provider[\"registry.terraform.io/hashicorp/google\"]",
      "instances": [
        {
          "schema_version": 0,
          "attributes": {
            "app_engine_integration_mode": "DISABLED",
            "cmek_config": [],
            "concurrency_mode": "PESSIMISTIC",
            "create_time": "",
            "delete_protection_state": "DELETE_PROTECTION_DISABLED",
            "deletion_policy": "ABANDON",
            "earliest_version_time": "2025-02-15T09:13:14.166883Z",
            "etag": "IK3YitC4xYsDMNC5256vu4sD",
            "id": "projects/eternal-sylph-449610-r3/databases/secondary-database",
            "key_prefix": "",
            "location_id": "europe-west1",
            "name": "secondary-database",
            "point_in_time_recovery_enablement": "POINT_IN_TIME_RECOVERY_DISABLED",
            "project": "eternal-sylph-449610-r3",
            "timeouts": null,
            "type": "FIRESTORE_NATIVE",
            "uid": "9e4ca4d9-54a3-4f5e-9741-a6361bbba3a3",
            "update_time": "",
            "version_retention_period": "3600s"
          },
          "sensitive_attributes": [],
          "private": "eyJlMmJmYjczMC1lY2FhLTExZTYtOGY4OC0zNDM2M2JjN2M0YzAiOnsiY3JlYXRlIjoxMjAwMDAwMDAwMDAwLCJkZWxldGUiOjEyMDAwMDAwMDAwMDAsInVwZGF0ZSI6MTIwMDAwMDAwMDAwMH19"
        }
      ]
    },
    {
      "module": "module.storage",
      "mode": "managed",
      "type": "google_project_iam_member",
      "name": "firestore_user",
      "provider": "provider[\"registry.terraform.io/hashicorp/google\"]",
      "instances": [
        {
          "schema_version": 0,
          "attributes": {
            "condition": [],
            "etag": "BwYuAuK3MI4=",
            "id": "eternal-sylph-449610-r3/roles/datastore.user/serviceAccount:eternal-sylph-449610-r3@appspot.gserviceaccount.com",
            "member": "serviceAccount:eternal-sylph-449610-r3@appspot.gserviceaccount.com",
            "project": "eternal-sylph-449610-r3",
            "role": "roles/datastore.user"
          },
          "sensitive_attributes": [],
          "private": "bnVsbA=="
        }
      ]
    }
  ],
  "check_results": null
}
